# THIS IS AN AUTOGENERATED FILE. DO NOT EDIT THIS FILE DIRECTLY.
# yarn lockfile v1


bulma@^0.2.3:
  version "0.2.3"
  resolved "http://registry.npm.taobao.org/bulma/download/bulma-0.2.3.tgz#086394c65e74aa8081e658bdcf6742f81107936e"

conf@^0.11.1:
  version "0.11.2"
  resolved "http://registry.npm.taobao.org/conf/download/conf-0.11.2.tgz#879f479267600483e502583462ca4063fc9779b2"
  dependencies:
    dot-prop "^3.0.0"
    env-paths "^0.3.0"
    mkdirp "^0.5.1"
    pkg-up "^1.0.0"

dot-prop@^3.0.0:
  version "3.0.0"
  resolved "http://registry.npm.taobao.org/dot-prop/download/dot-prop-3.0.0.tgz#1b708af094a49c9a0e7dbcad790aba539dac1177"
  dependencies:
    is-obj "^1.0.0"

electron-config@^0.2.1:
  version "0.2.1"
  resolved "http://registry.npm.taobao.org/electron-config/download/electron-config-0.2.1.tgz#7e12c26412d06bf3ed3896d0479df162986b95ba"
  dependencies:
    conf "^0.11.1"

env-paths@^0.3.0:
  version "0.3.1"
  resolved "http://registry.npm.taobao.org/env-paths/download/env-paths-0.3.1.tgz#c30ccfcbc30c890943dc08a85582517ef00da463"

find-up@^1.0.0:
  version "1.1.2"
  resolved "http://registry.npm.taobao.org/find-up/download/find-up-1.1.2.tgz#6b2e9822b1a2ce0a60ab64d610eccad53cb24d0f"
  dependencies:
    path-exists "^2.0.0"
    pinkie-promise "^2.0.0"

is-obj@^1.0.0:
  version "1.0.1"
  resolved "http://registry.npm.taobao.org/is-obj/download/is-obj-1.0.1.tgz#3e4729ac1f5fde025cd7d83a896dab9f4f67db0f"

local-storage@^1.4.2:
  version "1.4.2"
  resolved "http://registry.npm.taobao.org/local-storage/download/local-storage-1.4.2.tgz#7ec2d3fb7f1ea91a85b160d3a785058f87bfbfa5"

lodash@^4.17.4:
  version "4.17.4"
  resolved "http://registry.npm.taobao.org/lodash/download/lodash-4.17.4.tgz#78203a4d1c328ae1d86dca6460e369b57f4055ae"

minimist@0.0.8:
  version "0.0.8"
  resolved "http://registry.npm.taobao.org/minimist/download/minimist-0.0.8.tgz#857fcabfc3397d2625b8228262e86aa7a011b05d"

mkdirp@^0.5.1:
  version "0.5.1"
  resolved "http://registry.npm.taobao.org/mkdirp/download/mkdirp-0.5.1.tgz#30057438eac6cf7f8c4767f38648d6697d75c903"
  dependencies:
    minimist "0.0.8"

nprogress@^0.2.0:
  version "0.2.0"
  resolved "http://registry.npm.taobao.org/nprogress/download/nprogress-0.2.0.tgz#cb8f34c53213d895723fcbab907e9422adbcafb1"

path-exists@^2.0.0:
  version "2.1.0"
  resolved "http://registry.npm.taobao.org/path-exists/download/path-exists-2.1.0.tgz#0feb6c64f0fc518d9a754dd5efb62c7022761f4b"
  dependencies:
    pinkie-promise "^2.0.0"

pinkie-promise@^2.0.0:
  version "2.0.1"
  resolved "http://registry.npm.taobao.org/pinkie-promise/download/pinkie-promise-2.0.1.tgz#2135d6dfa7a358c069ac9b178776288228450ffa"
  dependencies:
    pinkie "^2.0.0"

pinkie@^2.0.0:
  version "2.0.4"
  resolved "http://registry.npm.taobao.org/pinkie/download/pinkie-2.0.4.tgz#72556b80cfa0d48a974e80e77248e80ed4f7f870"

pkg-up@^1.0.0:
  version "1.0.0"
  resolved "http://registry.npm.taobao.org/pkg-up/download/pkg-up-1.0.0.tgz#3e08fb461525c4421624a33b9f7e6d0af5b05a26"
  dependencies:
    find-up "^1.0.0"

vue-electron@^1.0.0:
  version "1.0.6"
  resolved "http://registry.npm.taobao.org/vue-electron/download/vue-electron-1.0.6.tgz#e798e03180b8933539defe31f92e53b9242b9406"

vue-multiselect@next:
  version "2.0.0-beta.13"
  resolved "http://registry.npm.taobao.org/vue-multiselect/download/vue-multiselect-2.0.0-beta.13.tgz#15bbc5dea3011e66a9ad568bc56ace9cc8a35eda"

vue-resource@^1.0.3:
  version "1.0.3"
  resolved "http://registry.npm.taobao.org/vue-resource/download/vue-resource-1.0.3.tgz#8d52d0d8a9ed5f2ae704c68d530c84ceaf97be14"

vue-router@^2.0.0:
  version "2.1.1"
  resolved "http://registry.npm.taobao.org/vue-router/download/vue-router-2.1.1.tgz#10c31bbdcb6da92bd3e0223fa12345e73018625a"

vue-select@sagalbot/vue-select:
  version "1.3.3"
  resolved "https://codeload.github.com/sagalbot/vue-select/tar.gz/bafc873c8f190ee5baceab54f3952a57aa76cd4c"

vue@^2.0.1:
  version "2.1.7"
  resolved "http://registry.npm.taobao.org/vue/download/vue-2.1.7.tgz#747880cb70a50c66cb8791aacfee7a6dab7fc842"

vuex@^2.0.0:
  version "2.1.1"
  resolved "http://registry.npm.taobao.org/vuex/download/vuex-2.1.1.tgz#78463ee45fae4871c5d05177b4e8cedd9e2cbccc"
